
Microsoft Visual Studio Solution File, Format Version 12.00
# Visual Studio Version 17
VisualStudioVersion = 17.0.31612.314
MinimumVisualStudioVersion = 10.0.40219.1
Project("{2150E333-8FDC-42A3-9474-1A3956D46DE8}") = "Solution Items", "Solution Items", "{A490C2B3-65BE-4964-B978-2B90B541969A}"
	ProjectSection(SolutionItems) = preProject
		.editorconfig = .editorconfig
		.gitignore = .gitignore
		LICENSE.txt = LICENSE.txt
		nuget.config = nuget.config
	EndProjectSection
EndProject
Project("{9A19103F-16F7-4668-BE54-9A1E7A4F7556}") = "LinqToImperative", "src\LinqToImperative\LinqToImperative.csproj", "{7555F672-5ADC-4EF5-94D1-7FE2DFD487DF}"
EndProject
Project("{9A19103F-16F7-4668-BE54-9A1E7A4F7556}") = "LinqToImperative.Tests", "tests\LinqToImperative.Tests\LinqToImperative.Tests.csproj", "{DF50926A-DD05-402F-A19E-C5F546444CEB}"
EndProject
Project("{9A19103F-16F7-4668-BE54-9A1E7A4F7556}") = "LinqToImperative.Benchmarks", "tests\LinqToImperative.Benchmarks\LinqToImperative.Benchmarks.csproj", "{55E37E0D-C30E-448A-8B85-C285B6C5EA84}"
EndProject
Global
	GlobalSection(SolutionConfigurationPlatforms) = preSolution
		Debug|Any CPU = Debug|Any CPU
		Release|Any CPU = Release|Any CPU
	EndGlobalSection
	GlobalSection(ProjectConfigurationPlatforms) = postSolution
		{7555F672-5ADC-4EF5-94D1-7FE2DFD487DF}.Debug|Any CPU.ActiveCfg = Debug|Any CPU
		{7555F672-5ADC-4EF5-94D1-7FE2DFD487DF}.Debug|Any CPU.Build.0 = Debug|Any CPU
		{7555F672-5ADC-4EF5-94D1-7FE2DFD487DF}.Release|Any CPU.ActiveCfg = Release|Any CPU
		{7555F672-5ADC-4EF5-94D1-7FE2DFD487DF}.Release|Any CPU.Build.0 = Release|Any CPU
		{DF50926A-DD05-402F-A19E-C5F546444CEB}.Debug|Any CPU.ActiveCfg = Debug|Any CPU
		{DF50926A-DD05-402F-A19E-C5F546444CEB}.Debug|Any CPU.Build.0 = Debug|Any CPU
		{DF50926A-DD05-402F-A19E-C5F546444CEB}.Release|Any CPU.ActiveCfg = Release|Any CPU
		{DF50926A-DD05-402F-A19E-C5F546444CEB}.Release|Any CPU.Build.0 = Release|Any CPU
		{55E37E0D-C30E-448A-8B85-C285B6C5EA84}.Debug|Any CPU.ActiveCfg = Debug|Any CPU
		{55E37E0D-C30E-448A-8B85-C285B6C5EA84}.Debug|Any CPU.Build.0 = Debug|Any CPU
		{55E37E0D-C30E-448A-8B85-C285B6C5EA84}.Release|Any CPU.ActiveCfg = Release|Any CPU
		{55E37E0D-C30E-448A-8B85-C285B6C5EA84}.Release|Any CPU.Build.0 = Release|Any CPU
	EndGlobalSection
	GlobalSection(SolutionProperties) = preSolution
		HideSolutionNode = FALSE
	EndGlobalSection
	GlobalSection(ExtensibilityGlobals) = postSolution
		SolutionGuid = {5981ADF8-7987-444C-8593-17919FEB7A8D}
	EndGlobalSection
EndGlobal
